# This file is automatically @generated by Poetry 2.1.1 and should not be changed by hand.

[[package]]
name = "ffmpeg"
version = "1.4"
description = "ffmpeg python package url [https://github.com/jiashaokun/ffmpeg]"
optional = false
python-versions = "*"
groups = ["main"]
files = [
    {file = "ffmpeg-1.4.tar.gz", hash = "sha256:6931692c890ff21d39938433c2189747815dca0c60ddc7f9bb97f199dba0b5b9"},
]

[[package]]
name = "yt-dlp"
version = "2025.3.31"
description = "A feature-rich command-line audio/video downloader"
optional = false
python-versions = ">=3.9"
groups = ["main"]
files = [
    {file = "yt_dlp-2025.3.31-py3-none-any.whl", hash = "sha256:8ecb3aa218a3bebe431119f513a8972b9b9d992edf67168c00ab92329a03baec"},
    {file = "yt_dlp-2025.3.31.tar.gz", hash = "sha256:1bfe0e660d1a70a09e27b2d58f92e30b1e2e362cc487829f2f824346ae49fb91"},
]

[package.extras]
build = ["build", "hatchling", "pip", "setuptools (>=71.0.2)", "wheel"]
curl-cffi = ["curl-cffi (>=0.5.10,<0.6.dev0 || ==0.10.*) ; implementation_name == \"cpython\""]
default = ["brotli ; implementation_name == \"cpython\"", "brotlicffi ; implementation_name != \"cpython\"", "certifi", "mutagen", "pycryptodomex", "requests (>=2.32.2,<3)", "urllib3 (>=1.26.17,<3)", "websockets (>=13.0)"]
dev = ["autopep8 (>=2.0,<3.0)", "pre-commit", "pytest (>=8.1,<9.0)", "pytest-rerunfailures (>=14.0,<15.0)", "ruff (>=0.11.0,<0.12.0)"]
pyinstaller = ["pyinstaller (>=6.11.1)"]
secretstorage = ["cffi", "secretstorage"]
static-analysis = ["autopep8 (>=2.0,<3.0)", "ruff (>=0.11.0,<0.12.0)"]
test = ["pytest (>=8.1,<9.0)", "pytest-rerunfailures (>=14.0,<15.0)"]

[metadata]
lock-version = "2.1"
python-versions = ">=3.12"
content-hash = "d45d788542de4310092a3e662ace050b5e85b73f0dffd3b04b4895d5daf8d8a4"
